
Microsoft Visual Studio Solution File, Format Version 11.00
# Visual Studio 2010
Project("{FAE04EC0-301F-11D3-BF4B-00C04F79EFBC}") = "Assembly-CSharp", "Assembly-CSharp.csproj", "{2EBCE8EB-92EE-97B6-6810-93AE6C5FFA7C}"
EndProject
Project("{FAE04EC0-301F-11D3-BF4B-00C04F79EFBC}") = "Assembly-CSharp-Editor", "Assembly-CSharp-Editor.csproj", "{70A53BD3-B074-D784-54D6-AAB4491EB72B}"
EndProject
Global
	GlobalSection(SolutionConfigurationPlatforms) = preSolution
		Debug|Any CPU = Debug|Any CPU
		Release|Any CPU = Release|Any CPU
	EndGlobalSection
	GlobalSection(ProjectConfigurationPlatforms) = postSolution
		{2EBCE8EB-92EE-97B6-6810-93AE6C5FFA7C}.Debug|Any CPU.ActiveCfg = Debug|Any CPU
		{2EBCE8EB-92EE-97B6-6810-93AE6C5FFA7C}.Debug|Any CPU.Build.0 = Debug|Any CPU
		{2EBCE8EB-92EE-97B6-6810-93AE6C5FFA7C}.Release|Any CPU.ActiveCfg = Release|Any CPU
		{2EBCE8EB-92EE-97B6-6810-93AE6C5FFA7C}.Release|Any CPU.Build.0 = Release|Any CPU
		{70A53BD3-B074-D784-54D6-AAB4491EB72B}.Debug|Any CPU.ActiveCfg = Debug|Any CPU
		{70A53BD3-B074-D784-54D6-AAB4491EB72B}.Debug|Any CPU.Build.0 = Debug|Any CPU
		{70A53BD3-B074-D784-54D6-AAB4491EB72B}.Release|Any CPU.ActiveCfg = Release|Any CPU
		{70A53BD3-B074-D784-54D6-AAB4491EB72B}.Release|Any CPU.Build.0 = Release|Any CPU
	EndGlobalSection
	GlobalSection(SolutionProperties) = preSolution
		HideSolutionNode = FALSE
	EndGlobalSection
	GlobalSection(MonoDevelopProperties) = preSolution
		StartupItem = Assembly-CSharp.csproj
	EndGlobalSection
EndGlobal
